// !$*UTF8*$!
{
	archiveVersion = 1;
	classes = {
	};
	objectVersion = 77;
	objects = {

/* Begin PBXBuildFile section */
		01350DEC54E38B1639531575 /* libc++.tbd in Frameworks */ = {isa = PBXBuildFile; fileRef = 5D46C68C6D1477B48D78B01C /* libc++.tbd */; };
		022C14B62619032EAEE5B0C1 /* UiPackEncoderTests.swift in Sources */ = {isa = PBXBuildFile; fileRef = 4F62688E6F4BE92EE2AAC710 /* UiPackEncoderTests.swift */; };
		0368E20577EA2F31604B9D73 /* DeviceCore.swift in Sources */ = {isa = PBXBuildFile; fileRef = 94228C0DAE5C814F046A408A /* DeviceCore.swift */; };
		050C13EBEB9CB6DC62B44254 /* ContentPresentationTests.swift in Sources */ = {isa = PBXBuildFile; fileRef = C659337A9E03491E0F4C3172 /* ContentPresentationTests.swift */; };
		05131232F9D265BE1E4AAC5C /* ContentActivationJournal.swift in Sources */ = {isa = PBXBuildFile; fileRef = 1921597C30EF1ECE33916E94 /* ContentActivationJournal.swift */; };
		07C2801BF9C5C8FEE95B882B /* HostRendererBridgeTests.swift in Sources */ = {isa = PBXBuildFile; fileRef = 5ABA54062866C26763CA71F9 /* HostRendererBridgeTests.swift */; };
		09DD2182BEFDE3ADE4D1BD7D /* PreviewFontStore.swift in Sources */ = {isa = PBXBuildFile; fileRef = 5FE1BE4223A86BAA92CE1863 /* PreviewFontStore.swift */; };
		0BBC0567D7ADE7BA48A4C12E /* ContentRevisionTests.swift in Sources */ = {isa = PBXBuildFile; fileRef = E9D87C009E70F5E9A8868771 /* ContentRevisionTests.swift */; };
		0EB919B8DC0F8B261A198D50 /* ContentPreviewModel.swift in Sources */ = {isa = PBXBuildFile; fileRef = 8ECD37D9F915D53A73EDFF92 /* ContentPreviewModel.swift */; };
		122D68C2A2FCE4CD9B9229AF /* ContentPreparationReceiptTests.swift in Sources */ = {isa = PBXBuildFile; fileRef = CFA45A839623104E41E721EB /* ContentPreparationReceiptTests.swift */; };
		12DBEC7C61B30692C13BE93A /* ThemeDraftUITestStore.swift in Sources */ = {isa = PBXBuildFile; fileRef = EE15BB729CB36D826770B602 /* ThemeDraftUITestStore.swift */; };
		136F7173D3544851F4C78858 /* CrossPointClient.swift in Sources */ = {isa = PBXBuildFile; fileRef = 9854350CD8AEAF6A691B86F1 /* CrossPointClient.swift */; };
		155AFF494DFA0F44C318B8D1 /* PocketDevicePreview.swift in Sources */ = {isa = PBXBuildFile; fileRef = 6EED09CE50431CFB4BC9C740 /* PocketDevicePreview.swift */; };
		1B9BC14978B72E51ACAB9456 /* PocketMacScreenshotTests.swift in Sources */ = {isa = PBXBuildFile; fileRef = 5291BD3458209523E2981CBF /* PocketMacScreenshotTests.swift */; };
		1E97B607E7232858CBBA4EEF /* PrivacyInfo.xcprivacy in Resources */ = {isa = PBXBuildFile; fileRef = 3E49DE72DF4FB23BEBF63301 /* PrivacyInfo.xcprivacy */; };
		230CD450C1CF6929F8CC87D0 /* ContentRevision.swift in Sources */ = {isa = PBXBuildFile; fileRef = 02FA699FD202B240470E8A0C /* ContentRevision.swift */; };
		24CF827FFEDCC2922ECC5795 /* FirmwareImageValidator.swift in Sources */ = {isa = PBXBuildFile; fileRef = 037226D140697D15166E6091 /* FirmwareImageValidator.swift */; };
		2BBF5EABD8D905AC3E8CEE59 /* ContentActivationJournalTests.swift in Sources */ = {isa = PBXBuildFile; fileRef = 15F6370CE0221DE9161710BC /* ContentActivationJournalTests.swift */; };
		2BCD25F75B0F3037FA119A46 /* FirmwareGuidance.swift in Sources */ = {isa = PBXBuildFile; fileRef = F0DD89EE15EA3953F05850F7 /* FirmwareGuidance.swift */; };
		329FE3A9A5DA0A0D8C8FA2CE /* ContentDeployment.swift in Sources */ = {isa = PBXBuildFile; fileRef = FD5CDB7619C59CB8CC6E9426 /* ContentDeployment.swift */; };
		365A9A927566A2B5CD6FAA61 /* ContentManifest.swift in Sources */ = {isa = PBXBuildFile; fileRef = 84C7EEC1D8C95E385ECAF439 /* ContentManifest.swift */; };
		374169613A2E5437B2A68A8E /* NearbySyncController.swift in Sources */ = {isa = PBXBuildFile; fileRef = DBC4897C49040DA94CB6DC3A /* NearbySyncController.swift */; };
		3A9D44A5B23E1656218496BF /* PROVENANCE.json in Resources */ = {isa = PBXBuildFile; fileRef = 9A6C8C77637FD2F3CC5061DD /* PROVENANCE.json */; };
		3B70563BC2CA125A305A20F3 /* ThemeDraftUITestStore.swift in Sources */ = {isa = PBXBuildFile; fileRef = EE15BB729CB36D826770B602 /* ThemeDraftUITestStore.swift */; };
		3CB23B4A00E4794A77468790 /* ContentApplyAdmissionTests.swift in Sources */ = {isa = PBXBuildFile; fileRef = 337D1DEFD924E9B66409E868 /* ContentApplyAdmissionTests.swift */; };
		401516930E36ADE4B4CA568C /* ContentImage.swift in Sources */ = {isa = PBXBuildFile; fileRef = E973586E1694A7601665230C /* ContentImage.swift */; };
		414190AE73C31EAC36A10175 /* HotspotJoiner.swift in Sources */ = {isa = PBXBuildFile; fileRef = A8547D34CCA5680363BDD47F /* HotspotJoiner.swift */; };
		4341BFC72B20D633901A120C /* ContentLiveApplyTests.swift in Sources */ = {isa = PBXBuildFile; fileRef = 384BC8CBC0B2FDC92409B612 /* ContentLiveApplyTests.swift */; };
		43DD925B2250D401E1BFF627 /* libz.tbd in Frameworks */ = {isa = PBXBuildFile; fileRef = D7D86893F059F05BEB54691B /* libz.tbd */; };
		440D295EC5A5FBC4CB73C19A /* PocketUIHost.xcframework in Frameworks */ = {isa = PBXBuildFile; fileRef = 44CDA4E1D2DEE4CF278CFBCB /* PocketUIHost.xcframework */; };
		446AF0A15F5242BACA8270CD /* PROVENANCE.json in Resources */ = {isa = PBXBuildFile; fileRef = 9A6C8C77637FD2F3CC5061DD /* PROVENANCE.json */; };
		44F74C893EA010620C76A788 /* PIN.json in Resources */ = {isa = PBXBuildFile; fileRef = 8C42C3AFA38DAA91B0B2EF74 /* PIN.json */; };
		45FCC8817D3146CD2EAF9862 /* ContentDraftFileTests.swift in Sources */ = {isa = PBXBuildFile; fileRef = 6C96AB061106DE9C5EA26485 /* ContentDraftFileTests.swift */; };
		48D13A6F843A7E0089CD1BF6 /* UiPackEncoder.swift in Sources */ = {isa = PBXBuildFile; fileRef = FB94FECF792B1A9BFF585E18 /* UiPackEncoder.swift */; };
		491E8677D9106EB9C8B6F56B /* PIN.json in Resources */ = {isa = PBXBuildFile; fileRef = 8C42C3AFA38DAA91B0B2EF74 /* PIN.json */; };
		4BF0220E2A34C285C2366A26 /* ContentPreparationHTTPTests.swift in Sources */ = {isa = PBXBuildFile; fileRef = AB57FA3D554E7B96A58509E9 /* ContentPreparationHTTPTests.swift */; };
		4CF8D4056513B87B732EF3EF /* PocketDevicePreview.swift in Sources */ = {isa = PBXBuildFile; fileRef = 6EED09CE50431CFB4BC9C740 /* PocketDevicePreview.swift */; };
		4DA17B5656864277C148A061 /* ContentCard.swift in Sources */ = {isa = PBXBuildFile; fileRef = E35E5C23903D153A5C1161EE /* ContentCard.swift */; };
		504BBEF11EF6CDE43404E567 /* ThemeDraftStore.swift in Sources */ = {isa = PBXBuildFile; fileRef = 1C5CFDD35C33D3FF10500488 /* ThemeDraftStore.swift */; };
		50BC11B3111CB74258A626D7 /* NearbySyncProtocol.swift in Sources */ = {isa = PBXBuildFile; fileRef = ED14B15E886AE48D45407B10 /* NearbySyncProtocol.swift */; };
		53A2EAF44A3C90974741B4BD /* ContentDraftStoreTests.swift in Sources */ = {isa = PBXBuildFile; fileRef = 41BE8DAC4DDD08FCA8D8093E /* ContentDraftStoreTests.swift */; };
		5467EA1DEC61331B2E60C63B /* ContentManifest.swift in Sources */ = {isa = PBXBuildFile; fileRef = 84C7EEC1D8C95E385ECAF439 /* ContentManifest.swift */; };
		546BFF999C233A64517E8145 /* PocketApp.swift in Sources */ = {isa = PBXBuildFile; fileRef = 78DAF0568606DE01F034EB9F /* PocketApp.swift */; };
		57D04674F495AE1D6321B9E8 /* LiveSyncClient.swift in Sources */ = {isa = PBXBuildFile; fileRef = B6A3EFDC948E33F6D7D82B42 /* LiveSyncClient.swift */; };
		5EDB03EED38257E97F71AFEF /* ContentCardPreview.swift in Sources */ = {isa = PBXBuildFile; fileRef = B6BF4F0D64624DF2E9977A22 /* ContentCardPreview.swift */; };
		5FC465C4E6E19DEB66B54775 /* NearbySyncProtocol.swift in Sources */ = {isa = PBXBuildFile; fileRef = ED14B15E886AE48D45407B10 /* NearbySyncProtocol.swift */; };
		6074ED387276CDBF0C87E873 /* ContentPreparationReceipt.swift in Sources */ = {isa = PBXBuildFile; fileRef = BF7E367BC18C33F44932329A /* ContentPreparationReceipt.swift */; };
		60803444EEA4ACDE05DD9900 /* ContentStateReceipt.swift in Sources */ = {isa = PBXBuildFile; fileRef = 1AAC7D167DC4796E9883FA0B /* ContentStateReceipt.swift */; };
		643A2CE7F639882AE77EC2F8 /* HostRendererBridge.swift in Sources */ = {isa = PBXBuildFile; fileRef = 197D11D851B078BA98D06299 /* HostRendererBridge.swift */; };
		65367F232A6E8FFBCF65A327 /* ContentCard.swift in Sources */ = {isa = PBXBuildFile; fileRef = E35E5C23903D153A5C1161EE /* ContentCard.swift */; };
		677EADB49600A4441B0D9138 /* ContentStateReceipt.swift in Sources */ = {isa = PBXBuildFile; fileRef = 1AAC7D167DC4796E9883FA0B /* ContentStateReceipt.swift */; };
		67D4D082BA0AF7EBB6CE7FF7 /* ContentEditorSheet.swift in Sources */ = {isa = PBXBuildFile; fileRef = DFBB95171F41E6DC038D0170 /* ContentEditorSheet.swift */; };
		68B775E824A762E3BB247813 /* ContentPresentation.swift in Sources */ = {isa = PBXBuildFile; fileRef = E1988366ACAAA3D45E411A30 /* ContentPresentation.swift */; };
		6A1BD5C811438399B452357D /* DeviceCore.swift in Sources */ = {isa = PBXBuildFile; fileRef = 94228C0DAE5C814F046A408A /* DeviceCore.swift */; };
		6AA3BF4285EDB6D7C903B973 /* ContentPreparationReceipt.swift in Sources */ = {isa = PBXBuildFile; fileRef = BF7E367BC18C33F44932329A /* ContentPreparationReceipt.swift */; };
		6D83E7AC8B7407AAADF0A8BF /* Assets.xcassets in Resources */ = {isa = PBXBuildFile; fileRef = B9C7C8282C265F6B6B6EADC4 /* Assets.xcassets */; };
		70C1388C6930C40CA2BFE011 /* PocketHardware.swift in Sources */ = {isa = PBXBuildFile; fileRef = 92C61AC1FD88CD54C5818106 /* PocketHardware.swift */; };
		719D681093345D163F816123 /* ThemeEditorModel.swift in Sources */ = {isa = PBXBuildFile; fileRef = 1EAD9474E08B205ADB3FA6A0 /* ThemeEditorModel.swift */; };
		71A8E7C92B39B1F48C5E90C2 /* ContentCardTests.swift in Sources */ = {isa = PBXBuildFile; fileRef = B11D0FF030626566E51FE773 /* ContentCardTests.swift */; };
		77C5FDC1549F4F15AD4DB347 /* ContentLiveApply.swift in Sources */ = {isa = PBXBuildFile; fileRef = FA7213E026BC02D5F62CB392 /* ContentLiveApply.swift */; };
		788D4EED6684B798538AB59F /* ContentDeploymentTests.swift in Sources */ = {isa = PBXBuildFile; fileRef = 4C48A3F763A66DC6549ED067 /* ContentDeploymentTests.swift */; };
		7ADA4110ACED2E32A5262A27 /* ContentDraftStore.swift in Sources */ = {isa = PBXBuildFile; fileRef = 6FF14323D43CE94B45BE8AD2 /* ContentDraftStore.swift */; };
		7AE55A6545ECA400149410BD /* ReaderContentTransport.swift in Sources */ = {isa = PBXBuildFile; fileRef = B0E3DC4EBC78C9155C40A9D4 /* ReaderContentTransport.swift */; };
		7D563CC8AD5E93038D3F37B9 /* ReaderContentTransport.swift in Sources */ = {isa = PBXBuildFile; fileRef = B0E3DC4EBC78C9155C40A9D4 /* ReaderContentTransport.swift */; };
		84184BA21AEF770C970ED58A /* FirmwareImageValidator.swift in Sources */ = {isa = PBXBuildFile; fileRef = 037226D140697D15166E6091 /* FirmwareImageValidator.swift */; };
		86E634244B23C47205D8B382 /* NearbySyncController.swift in Sources */ = {isa = PBXBuildFile; fileRef = DBC4897C49040DA94CB6DC3A /* NearbySyncController.swift */; };
		894E765DD7FC372DBB2DC127 /* NearbySyncProtocolTests.swift in Sources */ = {isa = PBXBuildFile; fileRef = 16886CF79DC58ED5FF77A60A /* NearbySyncProtocolTests.swift */; };
		89D8E54D274F31B26C44362E /* ThemeEditorModel.swift in Sources */ = {isa = PBXBuildFile; fileRef = 1EAD9474E08B205ADB3FA6A0 /* ThemeEditorModel.swift */; };
		8D4C4B162E3D49AD16DFD7A2 /* UiPackEncoder.swift in Sources */ = {isa = PBXBuildFile; fileRef = FB94FECF792B1A9BFF585E18 /* UiPackEncoder.swift */; };
		92A64EA6EF3A5C85BEE23C02 /* ContentCardPreview.swift in Sources */ = {isa = PBXBuildFile; fileRef = B6BF4F0D64624DF2E9977A22 /* ContentCardPreview.swift */; };
		99F8E48A3902BF0E3DE6D172 /* PocketScreenshotTests.swift in Sources */ = {isa = PBXBuildFile; fileRef = 6C9C2BCF76D2DED6633A95CF /* PocketScreenshotTests.swift */; };
		9A45EFEC72AD5450556937E9 /* ContentActivationJournal.swift in Sources */ = {isa = PBXBuildFile; fileRef = 1921597C30EF1ECE33916E94 /* ContentActivationJournal.swift */; };
		9D8C3DB52CCA40194D31DD88 /* ContentDraftFile.swift in Sources */ = {isa = PBXBuildFile; fileRef = F40700F9050393C248572BB7 /* ContentDraftFile.swift */; };
		A04A8E788D0D3BCB473D9EFD /* ContentDeployment.swift in Sources */ = {isa = PBXBuildFile; fileRef = FD5CDB7619C59CB8CC6E9426 /* ContentDeployment.swift */; };
		A0A560FFC6CEB57DF471B578 /* ContentRevision.swift in Sources */ = {isa = PBXBuildFile; fileRef = 02FA699FD202B240470E8A0C /* ContentRevision.swift */; };
		A0B124B096476FF24801D135 /* PreviewFontStore.swift in Sources */ = {isa = PBXBuildFile; fileRef = 5FE1BE4223A86BAA92CE1863 /* PreviewFontStore.swift */; };
		A3C1DD8F0DC1C0E5968DE765 /* PocketFlowTests.swift in Sources */ = {isa = PBXBuildFile; fileRef = AD78A7951FA2C31F35F344AA /* PocketFlowTests.swift */; };
		A60599B14B2AE02DB68EEC5E /* ContentManifestTests.swift in Sources */ = {isa = PBXBuildFile; fileRef = 13C0A23B6F3DB13FD2EEB751 /* ContentManifestTests.swift */; };
		A6208CA1D1EDD27DDD132C2F /* ContentView.swift in Sources */ = {isa = PBXBuildFile; fileRef = CF86CD3C8490B57EB11E8071 /* ContentView.swift */; };
		A77480C42D709756B02DD592 /* ThemeDraftFile.swift in Sources */ = {isa = PBXBuildFile; fileRef = 245811EA9DF6CE839310434C /* ThemeDraftFile.swift */; };
		AA79057983FE52D7AAC2E7FB /* PrivacyInfo.xcprivacy in Resources */ = {isa = PBXBuildFile; fileRef = 3E49DE72DF4FB23BEBF63301 /* PrivacyInfo.xcprivacy */; };
		AAFC73CFBB31B0AA86943B30 /* PreviewFont in Resources */ = {isa = PBXBuildFile; fileRef = CAD4426AA02306BFAA855AEC /* PreviewFont */; };
		ACDA25B7B239D475E78C8905 /* ContentLiveApply.swift in Sources */ = {isa = PBXBuildFile; fileRef = FA7213E026BC02D5F62CB392 /* ContentLiveApply.swift */; };
		AE0834455F19D805D51A9AD3 /* PocketModel.swift in Sources */ = {isa = PBXBuildFile; fileRef = 05C6F29E0C8324F0EC5130B3 /* PocketModel.swift */; };
		AFCC025CE7AAFFD337020926 /* PocketApp.swift in Sources */ = {isa = PBXBuildFile; fileRef = 78DAF0568606DE01F034EB9F /* PocketApp.swift */; };
		B0581B7D3F4541E9EB1CC37D /* PocketUIHost.xcframework in Frameworks */ = {isa = PBXBuildFile; fileRef = 44CDA4E1D2DEE4CF278CFBCB /* PocketUIHost.xcframework */; };
		B185D72799F4CDB6A052877E /* FirmwareGuidance.swift in Sources */ = {isa = PBXBuildFile; fileRef = F0DD89EE15EA3953F05850F7 /* FirmwareGuidance.swift */; };
		B24CAEF1B71AD9BD50DA9B1A /* HotspotJoiner.swift in Sources */ = {isa = PBXBuildFile; fileRef = A8547D34CCA5680363BDD47F /* HotspotJoiner.swift */; };
		B2B491FBBAE92655BD2B6DA0 /* PocketModel.swift in Sources */ = {isa = PBXBuildFile; fileRef = 05C6F29E0C8324F0EC5130B3 /* PocketModel.swift */; };
		B30715D6CF5C413E1DFD4ADD /* ContentImageImport.swift in Sources */ = {isa = PBXBuildFile; fileRef = C64A7D8C8D0968BBF9F0DABB /* ContentImageImport.swift */; };
		B6CB797378B125002CFCB77E /* ContentDraftStore.swift in Sources */ = {isa = PBXBuildFile; fileRef = 6FF14323D43CE94B45BE8AD2 /* ContentDraftStore.swift */; };
		B6D4497CDDCA5038487735DE /* ThemePackInspector.swift in Sources */ = {isa = PBXBuildFile; fileRef = 8C6FF83A2E149B0E54B1B4AD /* ThemePackInspector.swift */; };
		B85297D8D94F38E58CA81630 /* LiveSyncTests.swift in Sources */ = {isa = PBXBuildFile; fileRef = C5893AB01049A60E87A4353F /* LiveSyncTests.swift */; };
		BAC8BE97D29D857629A19653 /* ReaderContentTransportTests.swift in Sources */ = {isa = PBXBuildFile; fileRef = 0276250491E92462800CC7CB /* ReaderContentTransportTests.swift */; };
		BAD05CC44C8FCA99CC9F8E73 /* ThemeDraftFileTests.swift in Sources */ = {isa = PBXBuildFile; fileRef = B64A30B895C94C2C55F8828E /* ThemeDraftFileTests.swift */; };
		BB1B2115ACA29E87C9F1A51A /* LocalReaderDiscovery.swift in Sources */ = {isa = PBXBuildFile; fileRef = 98C5706F004643C8427F5DEF /* LocalReaderDiscovery.swift */; };
		BDD61FA99F30AAAFD0A34BAB /* ContentEditorModel.swift in Sources */ = {isa = PBXBuildFile; fileRef = DCEBC2E37191EC4B80D7B4EB /* ContentEditorModel.swift */; };
		C2105243A231BB8EB65D148F /* ContentDraftFile.swift in Sources */ = {isa = PBXBuildFile; fileRef = F40700F9050393C248572BB7 /* ContentDraftFile.swift */; };
		C4C665425569754870E021C7 /* FirmwareGuidanceTests.swift in Sources */ = {isa = PBXBuildFile; fileRef = 508896533C4BB1713A464F45 /* FirmwareGuidanceTests.swift */; };
		C7A0528C072140BC7BFBC02E /* ContentImageImportTests.swift in Sources */ = {isa = PBXBuildFile; fileRef = C3C3F02E7B87B46FFD2C90A1 /* ContentImageImportTests.swift */; };
		C9A078B230DA0C16B54E92BA /* ContentPresentation.swift in Sources */ = {isa = PBXBuildFile; fileRef = E1988366ACAAA3D45E411A30 /* ContentPresentation.swift */; };
		C9D4C5FDFE03F6414BB7266C /* ContentImage.swift in Sources */ = {isa = PBXBuildFile; fileRef = E973586E1694A7601665230C /* ContentImage.swift */; };
		CAE817B13904BFED88863120 /* libz.tbd in Frameworks */ = {isa = PBXBuildFile; fileRef = D7D86893F059F05BEB54691B /* libz.tbd */; };
		CBCB938E63102C416D4A8C0D /* ContentEditorModel.swift in Sources */ = {isa = PBXBuildFile; fileRef = DCEBC2E37191EC4B80D7B4EB /* ContentEditorModel.swift */; };
		CD3815679371A43E47962963 /* ContentImageImport.swift in Sources */ = {isa = PBXBuildFile; fileRef = C64A7D8C8D0968BBF9F0DABB /* ContentImageImport.swift */; };
		D19CD0E8E22B98AA0AF8BDE0 /* ThemePackInspector.swift in Sources */ = {isa = PBXBuildFile; fileRef = 8C6FF83A2E149B0E54B1B4AD /* ThemePackInspector.swift */; };
		D49F1B7D6D53D2705383D9F6 /* PocketHardware.swift in Sources */ = {isa = PBXBuildFile; fileRef = 92C61AC1FD88CD54C5818106 /* PocketHardware.swift */; };
		E094B0DDAD9A65C51E6D2562 /* LiveSyncClient.swift in Sources */ = {isa = PBXBuildFile; fileRef = B6A3EFDC948E33F6D7D82B42 /* LiveSyncClient.swift */; };
		E1D2B5D2BB5D7B75954534AD /* ContentPreviewModel.swift in Sources */ = {isa = PBXBuildFile; fileRef = 8ECD37D9F915D53A73EDFF92 /* ContentPreviewModel.swift */; };
		E72A0BD7BB8E36855DA96247 /* ContentView.swift in Sources */ = {isa = PBXBuildFile; fileRef = CF86CD3C8490B57EB11E8071 /* ContentView.swift */; };
		E8B4CDE7F30ADFA9BF210DBA /* ContentPreviewModelTests.swift in Sources */ = {isa = PBXBuildFile; fileRef = EAE0C268F1C01D32A9B6CCF7 /* ContentPreviewModelTests.swift */; };
		E8F40BB940A4873A273547F8 /* HostRendererBridge.swift in Sources */ = {isa = PBXBuildFile; fileRef = 197D11D851B078BA98D06299 /* HostRendererBridge.swift */; };
		E90B3D0617FFE6C249E40D24 /* DeviceCoreTests.swift in Sources */ = {isa = PBXBuildFile; fileRef = 8D65074F70247BF2542F483F /* DeviceCoreTests.swift */; };
		EA3B92764472FAAD49379E58 /* ThemeDraftStore.swift in Sources */ = {isa = PBXBuildFile; fileRef = 1C5CFDD35C33D3FF10500488 /* ThemeDraftStore.swift */; };
		EA8EE8788F58F59695288B70 /* PreviewFont in Resources */ = {isa = PBXBuildFile; fileRef = CAD4426AA02306BFAA855AEC /* PreviewFont */; };
		EB44BB080EC7C1853323BAAA /* ThemeDraftTests.swift in Sources */ = {isa = PBXBuildFile; fileRef = 0AE6405CB650DB45FCE162A5 /* ThemeDraftTests.swift */; };
		F0467630F25610778EA380E1 /* Assets.xcassets in Resources */ = {isa = PBXBuildFile; fileRef = B9C7C8282C265F6B6B6EADC4 /* Assets.xcassets */; };
		F20A6106910D02035546F330 /* ContentEditorSheet.swift in Sources */ = {isa = PBXBuildFile; fileRef = DFBB95171F41E6DC038D0170 /* ContentEditorSheet.swift */; };
		FA98EA709E9EFB8A85F2A811 /* libc++.tbd in Frameworks */ = {isa = PBXBuildFile; fileRef = 5D46C68C6D1477B48D78B01C /* libc++.tbd */; };
		FB85F4494355597EBC9F77F4 /* ThemeDraftFile.swift in Sources */ = {isa = PBXBuildFile; fileRef = 245811EA9DF6CE839310434C /* ThemeDraftFile.swift */; };
		FD2AC3093EE1E6638E02BFAE /* LocalReaderDiscovery.swift in Sources */ = {isa = PBXBuildFile; fileRef = 98C5706F004643C8427F5DEF /* LocalReaderDiscovery.swift */; };
		FEAC785F7C5914FA98BBB52B /* CrossPointClient.swift in Sources */ = {isa = PBXBuildFile; fileRef = 9854350CD8AEAF6A691B86F1 /* CrossPointClient.swift */; };
/* End PBXBuildFile section */

/* Begin PBXContainerItemProxy section */
		549E53F00F6084725E50C45F /* PBXContainerItemProxy */ = {
			isa = PBXContainerItemProxy;
			containerPortal = 855A469ACAEBB91B0C801EFD /* Project object */;
			proxyType = 1;
			remoteGlobalIDString = F8A65D44EA5474162880886B;
			remoteInfo = PocketMac;
		};
		D26C81F7B7AB42194E65FE05 /* PBXContainerItemProxy */ = {
			isa = PBXContainerItemProxy;
			containerPortal = 855A469ACAEBB91B0C801EFD /* Project object */;
			proxyType = 1;
			remoteGlobalIDString = 7D169845C7D92117E36B994A;
			remoteInfo = Pocket;
		};
		D3691472E2CEA4892BA0D8BE /* PBXContainerItemProxy */ = {
			isa = PBXContainerItemProxy;
			containerPortal = 855A469ACAEBB91B0C801EFD /* Project object */;
			proxyType = 1;
			remoteGlobalIDString = 7D169845C7D92117E36B994A;
			remoteInfo = Pocket;
		};
/* End PBXContainerItemProxy section */

/* Begin PBXFileReference section */
		0276250491E92462800CC7CB /* ReaderContentTransportTests.swift */ = {isa = PBXFileReference; lastKnownFileType = sourcecode.swift; path = ReaderContentTransportTests.swift; sourceTree = "<group>"; };
		02FA699FD202B240470E8A0C /* ContentRevision.swift */ = {isa = PBXFileReference; lastKnownFileType = sourcecode.swift; path = ContentRevision.swift; sourceTree = "<group>"; };
		037226D140697D15166E6091 /* FirmwareImageValidator.swift */ = {isa = PBXFileReference; lastKnownFileType = sourcecode.swift; path = FirmwareImageValidator.swift; sourceTree = "<group>"; };
		05C6F29E0C8324F0EC5130B3 /* PocketModel.swift */ = {isa = PBXFileReference; lastKnownFileType = sourcecode.swift; path = PocketModel.swift; sourceTree = "<group>"; };
		0AE6405CB650DB45FCE162A5 /* ThemeDraftTests.swift */ = {isa = PBXFileReference; lastKnownFileType = sourcecode.swift; path = ThemeDraftTests.swift; sourceTree = "<group>"; };
		13C0A23B6F3DB13FD2EEB751 /* ContentManifestTests.swift */ = {isa = PBXFileReference; lastKnownFileType = sourcecode.swift; path = ContentManifestTests.swift; sourceTree = "<group>"; };
		15F6370CE0221DE9161710BC /* ContentActivationJournalTests.swift */ = {isa = PBXFileReference; lastKnownFileType = sourcecode.swift; path = ContentActivationJournalTests.swift; sourceTree = "<group>"; };
		16886CF79DC58ED5FF77A60A /* NearbySyncProtocolTests.swift */ = {isa = PBXFileReference; lastKnownFileType = sourcecode.swift; path = NearbySyncProtocolTests.swift; sourceTree = "<group>"; };
		1921597C30EF1ECE33916E94 /* ContentActivationJournal.swift */ = {isa = PBXFileReference; lastKnownFileType = sourcecode.swift; path = ContentActivationJournal.swift; sourceTree = "<group>"; };
		197D11D851B078BA98D06299 /* HostRendererBridge.swift */ = {isa = PBXFileReference; lastKnownFileType = sourcecode.swift; path = HostRendererBridge.swift; sourceTree = "<group>"; };
		1AAC7D167DC4796E9883FA0B /* ContentStateReceipt.swift */ = {isa = PBXFileReference; lastKnownFileType = sourcecode.swift; path = ContentStateReceipt.swift; sourceTree = "<group>"; };
		1C5CFDD35C33D3FF10500488 /* ThemeDraftStore.swift */ = {isa = PBXFileReference; lastKnownFileType = sourcecode.swift; path = ThemeDraftStore.swift; sourceTree = "<group>"; };
		1C95F7B00987D244A5B7728F /* PocketMacTests.xctest */ = {isa = PBXFileReference; explicitFileType = wrapper.cfbundle; includeInIndex = 0; path = PocketMacTests.xctest; sourceTree = BUILT_PRODUCTS_DIR; };
		1EAD9474E08B205ADB3FA6A0 /* ThemeEditorModel.swift */ = {isa = PBXFileReference; lastKnownFileType = sourcecode.swift; path = ThemeEditorModel.swift; sourceTree = "<group>"; };
		245811EA9DF6CE839310434C /* ThemeDraftFile.swift */ = {isa = PBXFileReference; lastKnownFileType = sourcecode.swift; path = ThemeDraftFile.swift; sourceTree = "<group>"; };
		337D1DEFD924E9B66409E868 /* ContentApplyAdmissionTests.swift */ = {isa = PBXFileReference; lastKnownFileType = sourcecode.swift; path = ContentApplyAdmissionTests.swift; sourceTree = "<group>"; };
		384BC8CBC0B2FDC92409B612 /* ContentLiveApplyTests.swift */ = {isa = PBXFileReference; lastKnownFileType = sourcecode.swift; path = ContentLiveApplyTests.swift; sourceTree = "<group>"; };
		3E49DE72DF4FB23BEBF63301 /* PrivacyInfo.xcprivacy */ = {isa = PBXFileReference; path = PrivacyInfo.xcprivacy; sourceTree = "<group>"; };
		41BE8DAC4DDD08FCA8D8093E /* ContentDraftStoreTests.swift */ = {isa = PBXFileReference; lastKnownFileType = sourcecode.swift; path = ContentDraftStoreTests.swift; sourceTree = "<group>"; };
		44CDA4E1D2DEE4CF278CFBCB /* PocketUIHost.xcframework */ = {isa = PBXFileReference; lastKnownFileType = wrapper.xcframework; name = PocketUIHost.xcframework; path = Support/PocketUIHost/PocketUIHost.xcframework; sourceTree = "<group>"; };
		4C48A3F763A66DC6549ED067 /* ContentDeploymentTests.swift */ = {isa = PBXFileReference; lastKnownFileType = sourcecode.swift; path = ContentDeploymentTests.swift; sourceTree = "<group>"; };
		4F62688E6F4BE92EE2AAC710 /* UiPackEncoderTests.swift */ = {isa = PBXFileReference; lastKnownFileType = sourcecode.swift; path = UiPackEncoderTests.swift; sourceTree = "<group>"; };
		508896533C4BB1713A464F45 /* FirmwareGuidanceTests.swift */ = {isa = PBXFileReference; lastKnownFileType = sourcecode.swift; path = FirmwareGuidanceTests.swift; sourceTree = "<group>"; };
		5291BD3458209523E2981CBF /* PocketMacScreenshotTests.swift */ = {isa = PBXFileReference; lastKnownFileType = sourcecode.swift; path = PocketMacScreenshotTests.swift; sourceTree = "<group>"; };
		5ABA54062866C26763CA71F9 /* HostRendererBridgeTests.swift */ = {isa = PBXFileReference; lastKnownFileType = sourcecode.swift; path = HostRendererBridgeTests.swift; sourceTree = "<group>"; };
		5D46C68C6D1477B48D78B01C /* libc++.tbd */ = {isa = PBXFileReference; lastKnownFileType = "sourcecode.text-based-dylib-definition"; name = "libc++.tbd"; path = "usr/lib/libc++.tbd"; sourceTree = SDKROOT; };
		5FE1BE4223A86BAA92CE1863 /* PreviewFontStore.swift */ = {isa = PBXFileReference; lastKnownFileType = sourcecode.swift; path = PreviewFontStore.swift; sourceTree = "<group>"; };
		6C96AB061106DE9C5EA26485 /* ContentDraftFileTests.swift */ = {isa = PBXFileReference; lastKnownFileType = sourcecode.swift; path = ContentDraftFileTests.swift; sourceTree = "<group>"; };
		6C9C2BCF76D2DED6633A95CF /* PocketScreenshotTests.swift */ = {isa = PBXFileReference; lastKnownFileType = sourcecode.swift; path = PocketScreenshotTests.swift; sourceTree = "<group>"; };
		6EED09CE50431CFB4BC9C740 /* PocketDevicePreview.swift */ = {isa = PBXFileReference; lastKnownFileType = sourcecode.swift; path = PocketDevicePreview.swift; sourceTree = "<group>"; };
		6FF14323D43CE94B45BE8AD2 /* ContentDraftStore.swift */ = {isa = PBXFileReference; lastKnownFileType = sourcecode.swift; path = ContentDraftStore.swift; sourceTree = "<group>"; };
		753C0E39C665BA17D4B62EBF /* PocketUITests.xctest */ = {isa = PBXFileReference; includeInIndex = 0; lastKnownFileType = wrapper.cfbundle; path = PocketUITests.xctest; sourceTree = BUILT_PRODUCTS_DIR; };
		78DAF0568606DE01F034EB9F /* PocketApp.swift */ = {isa = PBXFileReference; lastKnownFileType = sourcecode.swift; path = PocketApp.swift; sourceTree = "<group>"; };
		84C7EEC1D8C95E385ECAF439 /* ContentManifest.swift */ = {isa = PBXFileReference; lastKnownFileType = sourcecode.swift; path = ContentManifest.swift; sourceTree = "<group>"; };
		8C42C3AFA38DAA91B0B2EF74 /* PIN.json */ = {isa = PBXFileReference; lastKnownFileType = text.json; path = PIN.json; sourceTree = "<group>"; };
		8C6FF83A2E149B0E54B1B4AD /* ThemePackInspector.swift */ = {isa = PBXFileReference; lastKnownFileType = sourcecode.swift; path = ThemePackInspector.swift; sourceTree = "<group>"; };
		8D65074F70247BF2542F483F /* DeviceCoreTests.swift */ = {isa = PBXFileReference; lastKnownFileType = sourcecode.swift; path = DeviceCoreTests.swift; sourceTree = "<group>"; };
		8ECD37D9F915D53A73EDFF92 /* ContentPreviewModel.swift */ = {isa = PBXFileReference; lastKnownFileType = sourcecode.swift; path = ContentPreviewModel.swift; sourceTree = "<group>"; };
		92C61AC1FD88CD54C5818106 /* PocketHardware.swift */ = {isa = PBXFileReference; lastKnownFileType = sourcecode.swift; path = PocketHardware.swift; sourceTree = "<group>"; };
		94228C0DAE5C814F046A408A /* DeviceCore.swift */ = {isa = PBXFileReference; lastKnownFileType = sourcecode.swift; path = DeviceCore.swift; sourceTree = "<group>"; };
		9854350CD8AEAF6A691B86F1 /* CrossPointClient.swift */ = {isa = PBXFileReference; lastKnownFileType = sourcecode.swift; path = CrossPointClient.swift; sourceTree = "<group>"; };
		98C5706F004643C8427F5DEF /* LocalReaderDiscovery.swift */ = {isa = PBXFileReference; lastKnownFileType = sourcecode.swift; path = LocalReaderDiscovery.swift; sourceTree = "<group>"; };
		9A6C8C77637FD2F3CC5061DD /* PROVENANCE.json */ = {isa = PBXFileReference; lastKnownFileType = text.json; path = PROVENANCE.json; sourceTree = "<group>"; };
		A8547D34CCA5680363BDD47F /* HotspotJoiner.swift */ = {isa = PBXFileReference; lastKnownFileType = sourcecode.swift; path = HotspotJoiner.swift; sourceTree = "<group>"; };
		AB57FA3D554E7B96A58509E9 /* ContentPreparationHTTPTests.swift */ = {isa = PBXFileReference; lastKnownFileType = sourcecode.swift; path = ContentPreparationHTTPTests.swift; sourceTree = "<group>"; };
		AD78A7951FA2C31F35F344AA /* PocketFlowTests.swift */ = {isa = PBXFileReference; lastKnownFileType = sourcecode.swift; path = PocketFlowTests.swift; sourceTree = "<group>"; };
		B0E3DC4EBC78C9155C40A9D4 /* ReaderContentTransport.swift */ = {isa = PBXFileReference; lastKnownFileType = sourcecode.swift; path = ReaderContentTransport.swift; sourceTree = "<group>"; };
		B11D0FF030626566E51FE773 /* ContentCardTests.swift */ = {isa = PBXFileReference; lastKnownFileType = sourcecode.swift; path = ContentCardTests.swift; sourceTree = "<group>"; };
		B64A30B895C94C2C55F8828E /* ThemeDraftFileTests.swift */ = {isa = PBXFileReference; lastKnownFileType = sourcecode.swift; path = ThemeDraftFileTests.swift; sourceTree = "<group>"; };
		B694BA08A499E1FD67AE7104 /* PocketMac.app */ = {isa = PBXFileReference; explicitFileType = wrapper.application; includeInIndex = 0; path = PocketMac.app; sourceTree = BUILT_PRODUCTS_DIR; };
		B6A3EFDC948E33F6D7D82B42 /* LiveSyncClient.swift */ = {isa = PBXFileReference; lastKnownFileType = sourcecode.swift; path = LiveSyncClient.swift; sourceTree = "<group>"; };
		B6BF4F0D64624DF2E9977A22 /* ContentCardPreview.swift */ = {isa = PBXFileReference; lastKnownFileType = sourcecode.swift; path = ContentCardPreview.swift; sourceTree = "<group>"; };
		B9C7C8282C265F6B6B6EADC4 /* Assets.xcassets */ = {isa = PBXFileReference; lastKnownFileType = folder.assetcatalog; path = Assets.xcassets; sourceTree = "<group>"; };
		BF7E367BC18C33F44932329A /* ContentPreparationReceipt.swift */ = {isa = PBXFileReference; lastKnownFileType = sourcecode.swift; path = ContentPreparationReceipt.swift; sourceTree = "<group>"; };
		C3C3F02E7B87B46FFD2C90A1 /* ContentImageImportTests.swift */ = {isa = PBXFileReference; lastKnownFileType = sourcecode.swift; path = ContentImageImportTests.swift; sourceTree = "<group>"; };
		C5893AB01049A60E87A4353F /* LiveSyncTests.swift */ = {isa = PBXFileReference; lastKnownFileType = sourcecode.swift; path = LiveSyncTests.swift; sourceTree = "<group>"; };
		C64A7D8C8D0968BBF9F0DABB /* ContentImageImport.swift */ = {isa = PBXFileReference; lastKnownFileType = sourcecode.swift; path = ContentImageImport.swift; sourceTree = "<group>"; };
		C659337A9E03491E0F4C3172 /* ContentPresentationTests.swift */ = {isa = PBXFileReference; lastKnownFileType = sourcecode.swift; path = ContentPresentationTests.swift; sourceTree = "<group>"; };
		CAD4426AA02306BFAA855AEC /* PreviewFont */ = {isa = PBXFileReference; lastKnownFileType = folder; name = PreviewFont; path = Support/PreviewFont; sourceTree = SOURCE_ROOT; };
		CF86CD3C8490B57EB11E8071 /* ContentView.swift */ = {isa = PBXFileReference; lastKnownFileType = sourcecode.swift; path = ContentView.swift; sourceTree = "<group>"; };
		CFA45A839623104E41E721EB /* ContentPreparationReceiptTests.swift */ = {isa = PBXFileReference; lastKnownFileType = sourcecode.swift; path = ContentPreparationReceiptTests.swift; sourceTree = "<group>"; };
		D7D86893F059F05BEB54691B /* libz.tbd */ = {isa = PBXFileReference; lastKnownFileType = "sourcecode.text-based-dylib-definition"; name = libz.tbd; path = usr/lib/libz.tbd; sourceTree = SDKROOT; };
		DBC4897C49040DA94CB6DC3A /* NearbySyncController.swift */ = {isa = PBXFileReference; lastKnownFileType = sourcecode.swift; path = NearbySyncController.swift; sourceTree = "<group>"; };
		DCEBC2E37191EC4B80D7B4EB /* ContentEditorModel.swift */ = {isa = PBXFileReference; lastKnownFileType = sourcecode.swift; path = ContentEditorModel.swift; sourceTree = "<group>"; };
		DFBB95171F41E6DC038D0170 /* ContentEditorSheet.swift */ = {isa = PBXFileReference; lastKnownFileType = sourcecode.swift; path = ContentEditorSheet.swift; sourceTree = "<group>"; };
		E1988366ACAAA3D45E411A30 /* ContentPresentation.swift */ = {isa = PBXFileReference; lastKnownFileType = sourcecode.swift; path = ContentPresentation.swift; sourceTree = "<group>"; };
		E35E5C23903D153A5C1161EE /* ContentCard.swift */ = {isa = PBXFileReference; lastKnownFileType = sourcecode.swift; path = ContentCard.swift; sourceTree = "<group>"; };
		E973586E1694A7601665230C /* ContentImage.swift */ = {isa = PBXFileReference; lastKnownFileType = sourcecode.swift; path = ContentImage.swift; sourceTree = "<group>"; };
		E9D87C009E70F5E9A8868771 /* ContentRevisionTests.swift */ = {isa = PBXFileReference; lastKnownFileType = sourcecode.swift; path = ContentRevisionTests.swift; sourceTree = "<group>"; };
		EAE0C268F1C01D32A9B6CCF7 /* ContentPreviewModelTests.swift */ = {isa = PBXFileReference; lastKnownFileType = sourcecode.swift; path = ContentPreviewModelTests.swift; sourceTree = "<group>"; };
		ED14B15E886AE48D45407B10 /* NearbySyncProtocol.swift */ = {isa = PBXFileReference; lastKnownFileType = sourcecode.swift; path = NearbySyncProtocol.swift; sourceTree = "<group>"; };
		EE15BB729CB36D826770B602 /* ThemeDraftUITestStore.swift */ = {isa = PBXFileReference; lastKnownFileType = sourcecode.swift; path = ThemeDraftUITestStore.swift; sourceTree = "<group>"; };
		EF248AD34F385ED9F2F09847 /* Pocket.app */ = {isa = PBXFileReference; includeInIndex = 0; lastKnownFileType = wrapper.application; path = Pocket.app; sourceTree = BUILT_PRODUCTS_DIR; };
		F0DD89EE15EA3953F05850F7 /* FirmwareGuidance.swift */ = {isa = PBXFileReference; lastKnownFileType = sourcecode.swift; path = FirmwareGuidance.swift; sourceTree = "<group>"; };
		F40700F9050393C248572BB7 /* ContentDraftFile.swift */ = {isa = PBXFileReference; lastKnownFileType = sourcecode.swift; path = ContentDraftFile.swift; sourceTree = "<group>"; };
		FA7213E026BC02D5F62CB392 /* ContentLiveApply.swift */ = {isa = PBXFileReference; lastKnownFileType = sourcecode.swift; path = ContentLiveApply.swift; sourceTree = "<group>"; };
		FB94FECF792B1A9BFF585E18 /* UiPackEncoder.swift */ = {isa = PBXFileReference; lastKnownFileType = sourcecode.swift; path = UiPackEncoder.swift; sourceTree = "<group>"; };
		FD5CDB7619C59CB8CC6E9426 /* ContentDeployment.swift */ = {isa = PBXFileReference; lastKnownFileType = sourcecode.swift; path = ContentDeployment.swift; sourceTree = "<group>"; };
		FD7417C245B01C67AD37DDFB /* PocketTests.xctest */ = {isa = PBXFileReference; includeInIndex = 0; lastKnownFileType = wrapper.cfbundle; path = PocketTests.xctest; sourceTree = BUILT_PRODUCTS_DIR; };
/* End PBXFileReference section */

/* Begin PBXFrameworksBuildPhase section */
		39C0B1B61A7C6B50AD4BFEE0 /* Frameworks */ = {
			isa = PBXFrameworksBuildPhase;
			buildActionMask = 2147483647;
			files = (
				B0581B7D3F4541E9EB1CC37D /* PocketUIHost.xcframework in Frameworks */,
				FA98EA709E9EFB8A85F2A811 /* libc++.tbd in Frameworks */,
				43DD925B2250D401E1BFF627 /* libz.tbd in Frameworks */,
			);
			runOnlyForDeploymentPostprocessing = 0;
		};
		F51F91560B034DBC3C12F115 /* Frameworks */ = {
			isa = PBXFrameworksBuildPhase;
			buildActionMask = 2147483647;
			files = (
				440D295EC5A5FBC4CB73C19A /* PocketUIHost.xcframework in Frameworks */,
				01350DEC54E38B1639531575 /* libc++.tbd in Frameworks */,
				CAE817B13904BFED88863120 /* libz.tbd in Frameworks */,
			);
			runOnlyForDeploymentPostprocessing = 0;
		};
/* End PBXFrameworksBuildPhase section */

/* Begin PBXGroup section */
		2A6B363554E920B49A748B3D /* Sources */ = {
			isa = PBXGroup;
			children = (
				B9C7C8282C265F6B6B6EADC4 /* Assets.xcassets */,
				CF86CD3C8490B57EB11E8071 /* ContentView.swift */,
				9854350CD8AEAF6A691B86F1 /* CrossPointClient.swift */,
				037226D140697D15166E6091 /* FirmwareImageValidator.swift */,
				A8547D34CCA5680363BDD47F /* HotspotJoiner.swift */,
				98C5706F004643C8427F5DEF /* LocalReaderDiscovery.swift */,
				DBC4897C49040DA94CB6DC3A /* NearbySyncController.swift */,
				ED14B15E886AE48D45407B10 /* NearbySyncProtocol.swift */,
				78DAF0568606DE01F034EB9F /* PocketApp.swift */,
				6EED09CE50431CFB4BC9C740 /* PocketDevicePreview.swift */,
				92C61AC1FD88CD54C5818106 /* PocketHardware.swift */,
				05C6F29E0C8324F0EC5130B3 /* PocketModel.swift */,
				3E49DE72DF4FB23BEBF63301 /* PrivacyInfo.xcprivacy */,
				E456C8435D7B953AFBA12021 /* Core */,
				ABC24196FDC39E0804B58D79 /* Studio */,
			);
			path = Sources;
			sourceTree = "<group>";
		};
		41842BDCAEF418993094C322 /* UITests */ = {
			isa = PBXGroup;
			children = (
				AD78A7951FA2C31F35F344AA /* PocketFlowTests.swift */,
				6C9C2BCF76D2DED6633A95CF /* PocketScreenshotTests.swift */,
			);
			path = UITests;
			sourceTree = "<group>";
		};
		607A670420CC3498C2646DF8 = {
			isa = PBXGroup;
			children = (
				CAD4426AA02306BFAA855AEC /* PreviewFont */,
				C53B112E27B9E83780B3AC7F /* MacTests */,
				D73931CB45A7DE131E547621 /* PocketUIHost */,
				2A6B363554E920B49A748B3D /* Sources */,
				68670364310B67ACB0F011A4 /* Tests */,
				41842BDCAEF418993094C322 /* UITests */,
				7EFEDB8F2C138E55FF6673BC /* Frameworks */,
				A430CAFE8668FE5A45126734 /* Products */,
			);
			sourceTree = "<group>";
		};
		68670364310B67ACB0F011A4 /* Tests */ = {
			isa = PBXGroup;
			children = (
				15F6370CE0221DE9161710BC /* ContentActivationJournalTests.swift */,
				337D1DEFD924E9B66409E868 /* ContentApplyAdmissionTests.swift */,
				B11D0FF030626566E51FE773 /* ContentCardTests.swift */,
				4C48A3F763A66DC6549ED067 /* ContentDeploymentTests.swift */,
				6C96AB061106DE9C5EA26485 /* ContentDraftFileTests.swift */,
				41BE8DAC4DDD08FCA8D8093E /* ContentDraftStoreTests.swift */,
				C3C3F02E7B87B46FFD2C90A1 /* ContentImageImportTests.swift */,
				384BC8CBC0B2FDC92409B612 /* ContentLiveApplyTests.swift */,
				13C0A23B6F3DB13FD2EEB751 /* ContentManifestTests.swift */,
				AB57FA3D554E7B96A58509E9 /* ContentPreparationHTTPTests.swift */,
				CFA45A839623104E41E721EB /* ContentPreparationReceiptTests.swift */,
				C659337A9E03491E0F4C3172 /* ContentPresentationTests.swift */,
				EAE0C268F1C01D32A9B6CCF7 /* ContentPreviewModelTests.swift */,
				E9D87C009E70F5E9A8868771 /* ContentRevisionTests.swift */,
				8D65074F70247BF2542F483F /* DeviceCoreTests.swift */,
				508896533C4BB1713A464F45 /* FirmwareGuidanceTests.swift */,
				5ABA54062866C26763CA71F9 /* HostRendererBridgeTests.swift */,
				C5893AB01049A60E87A4353F /* LiveSyncTests.swift */,
				16886CF79DC58ED5FF77A60A /* NearbySyncProtocolTests.swift */,
				0276250491E92462800CC7CB /* ReaderContentTransportTests.swift */,
				B64A30B895C94C2C55F8828E /* ThemeDraftFileTests.swift */,
				0AE6405CB650DB45FCE162A5 /* ThemeDraftTests.swift */,
				4F62688E6F4BE92EE2AAC710 /* UiPackEncoderTests.swift */,
			);
			path = Tests;
			sourceTree = "<group>";
		};
		7EFEDB8F2C138E55FF6673BC /* Frameworks */ = {
			isa = PBXGroup;
			children = (
				5D46C68C6D1477B48D78B01C /* libc++.tbd */,
				D7D86893F059F05BEB54691B /* libz.tbd */,
				44CDA4E1D2DEE4CF278CFBCB /* PocketUIHost.xcframework */,
			);
			name = Frameworks;
			sourceTree = "<group>";
		};
		A430CAFE8668FE5A45126734 /* Products */ = {
			isa = PBXGroup;
			children = (
				EF248AD34F385ED9F2F09847 /* Pocket.app */,
				B694BA08A499E1FD67AE7104 /* PocketMac.app */,
				1C95F7B00987D244A5B7728F /* PocketMacTests.xctest */,
				FD7417C245B01C67AD37DDFB /* PocketTests.xctest */,
				753C0E39C665BA17D4B62EBF /* PocketUITests.xctest */,
			);
			name = Products;
			sourceTree = "<group>";
		};
		ABC24196FDC39E0804B58D79 /* Studio */ = {
			isa = PBXGroup;
			children = (
				1921597C30EF1ECE33916E94 /* ContentActivationJournal.swift */,
				E35E5C23903D153A5C1161EE /* ContentCard.swift */,
				B6BF4F0D64624DF2E9977A22 /* ContentCardPreview.swift */,
				FD5CDB7619C59CB8CC6E9426 /* ContentDeployment.swift */,
				F40700F9050393C248572BB7 /* ContentDraftFile.swift */,
				6FF14323D43CE94B45BE8AD2 /* ContentDraftStore.swift */,
				DCEBC2E37191EC4B80D7B4EB /* ContentEditorModel.swift */,
				DFBB95171F41E6DC038D0170 /* ContentEditorSheet.swift */,
				E973586E1694A7601665230C /* ContentImage.swift */,
				C64A7D8C8D0968BBF9F0DABB /* ContentImageImport.swift */,
				FA7213E026BC02D5F62CB392 /* ContentLiveApply.swift */,
				84C7EEC1D8C95E385ECAF439 /* ContentManifest.swift */,
				BF7E367BC18C33F44932329A /* ContentPreparationReceipt.swift */,
				E1988366ACAAA3D45E411A30 /* ContentPresentation.swift */,
				8ECD37D9F915D53A73EDFF92 /* ContentPreviewModel.swift */,
				02FA699FD202B240470E8A0C /* ContentRevision.swift */,
				1AAC7D167DC4796E9883FA0B /* ContentStateReceipt.swift */,
				197D11D851B078BA98D06299 /* HostRendererBridge.swift */,
				5FE1BE4223A86BAA92CE1863 /* PreviewFontStore.swift */,
				B0E3DC4EBC78C9155C40A9D4 /* ReaderContentTransport.swift */,
				245811EA9DF6CE839310434C /* ThemeDraftFile.swift */,
				1C5CFDD35C33D3FF10500488 /* ThemeDraftStore.swift */,
				EE15BB729CB36D826770B602 /* ThemeDraftUITestStore.swift */,
				1EAD9474E08B205ADB3FA6A0 /* ThemeEditorModel.swift */,
				8C6FF83A2E149B0E54B1B4AD /* ThemePackInspector.swift */,
				FB94FECF792B1A9BFF585E18 /* UiPackEncoder.swift */,
			);
			path = Studio;
			sourceTree = "<group>";
		};
		C53B112E27B9E83780B3AC7F /* MacTests */ = {
			isa = PBXGroup;
			children = (
				5291BD3458209523E2981CBF /* PocketMacScreenshotTests.swift */,
			);
			path = MacTests;
			sourceTree = "<group>";
		};
		D73931CB45A7DE131E547621 /* PocketUIHost */ = {
			isa = PBXGroup;
			children = (
				8C42C3AFA38DAA91B0B2EF74 /* PIN.json */,
				9A6C8C77637FD2F3CC5061DD /* PROVENANCE.json */,
			);
			name = PocketUIHost;
			path = Support/PocketUIHost;
			sourceTree = "<group>";
		};
		E456C8435D7B953AFBA12021 /* Core */ = {
			isa = PBXGroup;
			children = (
				94228C0DAE5C814F046A408A /* DeviceCore.swift */,
				F0DD89EE15EA3953F05850F7 /* FirmwareGuidance.swift */,
				B6A3EFDC948E33F6D7D82B42 /* LiveSyncClient.swift */,
			);
			path = Core;
			sourceTree = "<group>";
		};
/* End PBXGroup section */

/* Begin PBXNativeTarget section */
		23D16638A9045581F3F038B5 /* PocketUITests */ = {
			isa = PBXNativeTarget;
			buildConfigurationList = D126483B24595A752F0CCC9F /* Build configuration list for PBXNativeTarget "PocketUITests" */;
			buildPhases = (
				FAFAD50E13324217D2CB1486 /* Sources */,
			);
			buildRules = (
			);
			dependencies = (
				DCC0D1283286587A0D4040F0 /* PBXTargetDependency */,
			);
			name = PocketUITests;
			packageProductDependencies = (
			);
			productName = PocketUITests;
			productReference = 753C0E39C665BA17D4B62EBF /* PocketUITests.xctest */;
			productType = "com.apple.product-type.bundle.ui-testing";
		};
		38588C43D6EE945C60EBC553 /* PocketMacTests */ = {
			isa = PBXNativeTarget;
			buildConfigurationList = F0CEDAA71797312195FCD318 /* Build configuration list for PBXNativeTarget "PocketMacTests" */;
			buildPhases = (
				AA01833132457332E6C5E9AF /* Sources */,
			);
			buildRules = (
			);
			dependencies = (
				4565BC08B64760D8B7EC5CC4 /* PBXTargetDependency */,
			);
			name = PocketMacTests;
			packageProductDependencies = (
			);
			productName = PocketMacTests;
			productReference = 1C95F7B00987D244A5B7728F /* PocketMacTests.xctest */;
			productType = "com.apple.product-type.bundle.unit-test";
		};
		7D169845C7D92117E36B994A /* Pocket */ = {
			isa = PBXNativeTarget;
			buildConfigurationList = 1635BECD4C7098F77B6F346F /* Build configuration list for PBXNativeTarget "Pocket" */;
			buildPhases = (
				DC8665D5306EF770C17B6131 /* Verify Host Renderer */,
				986484B821E148423704FF3E /* Sources */,
				6ACD7BDBCBC2DBDABA7BECCB /* Resources */,
				39C0B1B61A7C6B50AD4BFEE0 /* Frameworks */,
			);
			buildRules = (
			);
			dependencies = (
			);
			name = Pocket;
			packageProductDependencies = (
			);
			productName = Pocket;
			productReference = EF248AD34F385ED9F2F09847 /* Pocket.app */;
			productType = "com.apple.product-type.application";
		};
		A835E4A168196F4AB43F0648 /* PocketTests */ = {
			isa = PBXNativeTarget;
			buildConfigurationList = 126259CC20BCCAB64E384DC0 /* Build configuration list for PBXNativeTarget "PocketTests" */;
			buildPhases = (
				0173D30D0D49B27A3DD3AE16 /* Sources */,
			);
			buildRules = (
			);
			dependencies = (
				AF57A010ACC33E1260BA525D /* PBXTargetDependency */,
			);
			name = PocketTests;
			packageProductDependencies = (
			);
			productName = PocketTests;
			productReference = FD7417C245B01C67AD37DDFB /* PocketTests.xctest */;
			productType = "com.apple.product-type.bundle.unit-test";
		};
		F8A65D44EA5474162880886B /* PocketMac */ = {
			isa = PBXNativeTarget;
			buildConfigurationList = 142396DC132E69A10313993C /* Build configuration list for PBXNativeTarget "PocketMac" */;
			buildPhases = (
				6C56CC6120973F649AE0702C /* Verify Host Renderer */,
				501044C6AF4CA99C4F751550 /* Sources */,
				62C94385D5B96767C16B8461 /* Resources */,
				F51F91560B034DBC3C12F115 /* Frameworks */,
			);
			buildRules = (
			);
			dependencies = (
			);
			name = PocketMac;
			packageProductDependencies = (
			);
			productName = PocketMac;
			productReference = B694BA08A499E1FD67AE7104 /* PocketMac.app */;
			productType = "com.apple.product-type.application";
		};
/* End PBXNativeTarget section */

/* Begin PBXProject section */
		855A469ACAEBB91B0C801EFD /* Project object */ = {
			isa = PBXProject;
			attributes = {
				BuildIndependentTargetsInParallel = YES;
				LastUpgradeCheck = 1430;
				TargetAttributes = {
					23D16638A9045581F3F038B5 = {
						DevelopmentTeam = QF36NDHYHD;
						ProvisioningStyle = Automatic;
						TestTargetID = 7D169845C7D92117E36B994A;
					};
					38588C43D6EE945C60EBC553 = {
						DevelopmentTeam = QF36NDHYHD;
						ProvisioningStyle = Automatic;
					};
					7D169845C7D92117E36B994A = {
						DevelopmentTeam = QF36NDHYHD;
						ProvisioningStyle = Automatic;
					};
					A835E4A168196F4AB43F0648 = {
						DevelopmentTeam = QF36NDHYHD;
						ProvisioningStyle = Automatic;
					};
					F8A65D44EA5474162880886B = {
						DevelopmentTeam = QF36NDHYHD;
						ProvisioningStyle = Automatic;
					};
				};
			};
			buildConfigurationList = BBF6F3C78A2CCDE05E8C6E37 /* Build configuration list for PBXProject "Pocket" */;
			developmentRegion = en;
			hasScannedForEncodings = 0;
			knownRegions = (
				Base,
				en,
			);
			mainGroup = 607A670420CC3498C2646DF8;
			minimizedProjectReferenceProxies = 1;
			preferredProjectObjectVersion = 77;
			productRefGroup = A430CAFE8668FE5A45126734 /* Products */;
			projectDirPath = "";
			projectRoot = "";
			targets = (
				7D169845C7D92117E36B994A /* Pocket */,
				F8A65D44EA5474162880886B /* PocketMac */,
				A835E4A168196F4AB43F0648 /* PocketTests */,
				23D16638A9045581F3F038B5 /* PocketUITests */,
				38588C43D6EE945C60EBC553 /* PocketMacTests */,
			);
		};
/* End PBXProject section */

/* Begin PBXResourcesBuildPhase section */
		62C94385D5B96767C16B8461 /* Resources */ = {
			isa = PBXResourcesBuildPhase;
			buildActionMask = 2147483647;
			files = (
				F0467630F25610778EA380E1 /* Assets.xcassets in Resources */,
				44F74C893EA010620C76A788 /* PIN.json in Resources */,
				446AF0A15F5242BACA8270CD /* PROVENANCE.json in Resources */,
				AAFC73CFBB31B0AA86943B30 /* PreviewFont in Resources */,
				AA79057983FE52D7AAC2E7FB /* PrivacyInfo.xcprivacy in Resources */,
			);
			runOnlyForDeploymentPostprocessing = 0;
		};
		6ACD7BDBCBC2DBDABA7BECCB /* Resources */ = {
			isa = PBXResourcesBuildPhase;
			buildActionMask = 2147483647;
			files = (
				6D83E7AC8B7407AAADF0A8BF /* Assets.xcassets in Resources */,
				491E8677D9106EB9C8B6F56B /* PIN.json in Resources */,
				3A9D44A5B23E1656218496BF /* PROVENANCE.json in Resources */,
				EA8EE8788F58F59695288B70 /* PreviewFont in Resources */,
				1E97B607E7232858CBBA4EEF /* PrivacyInfo.xcprivacy in Resources */,
			);
			runOnlyForDeploymentPostprocessing = 0;
		};
/* End PBXResourcesBuildPhase section */

/* Begin PBXShellScriptBuildPhase section */
		6C56CC6120973F649AE0702C /* Verify Host Renderer */ = {
			isa = PBXShellScriptBuildPhase;
			alwaysOutOfDate = 1;
			buildActionMask = 2147483647;
			files = (
			);
			inputFileListPaths = (
				"$(SRCROOT)/Support/PocketUIHost/RendererInputs.xcfilelist",
			);
			inputPaths = (
				"$(SRCROOT)/scripts/host_renderer_artifact.py",
				"$(SRCROOT)/Support/PocketUIHost",
			);
			name = "Verify Host Renderer";
			outputFileListPaths = (
			);
			outputPaths = (
			);
			runOnlyForDeploymentPostprocessing = 0;
			shellPath = /bin/sh;
			shellScript = "/usr/bin/python3 \"$SRCROOT/scripts/host_renderer_artifact.py\" verify \"$SRCROOT/Support/PocketUIHost\"";
		};
		DC8665D5306EF770C17B6131 /* Verify Host Renderer */ = {
			isa = PBXShellScriptBuildPhase;
			alwaysOutOfDate = 1;
			buildActionMask = 2147483647;
			files = (
			);
			inputFileListPaths = (
				"$(SRCROOT)/Support/PocketUIHost/RendererInputs.xcfilelist",
			);
			inputPaths = (
				"$(SRCROOT)/scripts/host_renderer_artifact.py",
				"$(SRCROOT)/Support/PocketUIHost",
			);
			name = "Verify Host Renderer";
			outputFileListPaths = (
			);
			outputPaths = (
			);
			runOnlyForDeploymentPostprocessing = 0;
			shellPath = /bin/sh;
			shellScript = "/usr/bin/python3 \"$SRCROOT/scripts/host_renderer_artifact.py\" verify \"$SRCROOT/Support/PocketUIHost\"";
		};
/* End PBXShellScriptBuildPhase section */

/* Begin PBXSourcesBuildPhase section */
		0173D30D0D49B27A3DD3AE16 /* Sources */ = {
			isa = PBXSourcesBuildPhase;
			buildActionMask = 2147483647;
			files = (
				2BBF5EABD8D905AC3E8CEE59 /* ContentActivationJournalTests.swift in Sources */,
				3CB23B4A00E4794A77468790 /* ContentApplyAdmissionTests.swift in Sources */,
				71A8E7C92B39B1F48C5E90C2 /* ContentCardTests.swift in Sources */,
				788D4EED6684B798538AB59F /* ContentDeploymentTests.swift in Sources */,
				45FCC8817D3146CD2EAF9862 /* ContentDraftFileTests.swift in Sources */,
				53A2EAF44A3C90974741B4BD /* ContentDraftStoreTests.swift in Sources */,
				C7A0528C072140BC7BFBC02E /* ContentImageImportTests.swift in Sources */,
				4341BFC72B20D633901A120C /* ContentLiveApplyTests.swift in Sources */,
				A60599B14B2AE02DB68EEC5E /* ContentManifestTests.swift in Sources */,
				4BF0220E2A34C285C2366A26 /* ContentPreparationHTTPTests.swift in Sources */,
				122D68C2A2FCE4CD9B9229AF /* ContentPreparationReceiptTests.swift in Sources */,
				050C13EBEB9CB6DC62B44254 /* ContentPresentationTests.swift in Sources */,
				E8B4CDE7F30ADFA9BF210DBA /* ContentPreviewModelTests.swift in Sources */,
				0BBC0567D7ADE7BA48A4C12E /* ContentRevisionTests.swift in Sources */,
				E90B3D0617FFE6C249E40D24 /* DeviceCoreTests.swift in Sources */,
				C4C665425569754870E021C7 /* FirmwareGuidanceTests.swift in Sources */,
				07C2801BF9C5C8FEE95B882B /* HostRendererBridgeTests.swift in Sources */,
				B85297D8D94F38E58CA81630 /* LiveSyncTests.swift in Sources */,
				894E765DD7FC372DBB2DC127 /* NearbySyncProtocolTests.swift in Sources */,
				BAC8BE97D29D857629A19653 /* ReaderContentTransportTests.swift in Sources */,
				BAD05CC44C8FCA99CC9F8E73 /* ThemeDraftFileTests.swift in Sources */,
				EB44BB080EC7C1853323BAAA /* ThemeDraftTests.swift in Sources */,
				022C14B62619032EAEE5B0C1 /* UiPackEncoderTests.swift in Sources */,
			);
			runOnlyForDeploymentPostprocessing = 0;
		};
		501044C6AF4CA99C4F751550 /* Sources */ = {
			isa = PBXSourcesBuildPhase;
			buildActionMask = 2147483647;
			files = (
				9A45EFEC72AD5450556937E9 /* ContentActivationJournal.swift in Sources */,
				65367F232A6E8FFBCF65A327 /* ContentCard.swift in Sources */,
				5EDB03EED38257E97F71AFEF /* ContentCardPreview.swift in Sources */,
				A04A8E788D0D3BCB473D9EFD /* ContentDeployment.swift in Sources */,
				C2105243A231BB8EB65D148F /* ContentDraftFile.swift in Sources */,
				B6CB797378B125002CFCB77E /* ContentDraftStore.swift in Sources */,
				BDD61FA99F30AAAFD0A34BAB /* ContentEditorModel.swift in Sources */,
				67D4D082BA0AF7EBB6CE7FF7 /* ContentEditorSheet.swift in Sources */,
				401516930E36ADE4B4CA568C /* ContentImage.swift in Sources */,
				B30715D6CF5C413E1DFD4ADD /* ContentImageImport.swift in Sources */,
				77C5FDC1549F4F15AD4DB347 /* ContentLiveApply.swift in Sources */,
				5467EA1DEC61331B2E60C63B /* ContentManifest.swift in Sources */,
				6074ED387276CDBF0C87E873 /* ContentPreparationReceipt.swift in Sources */,
				68B775E824A762E3BB247813 /* ContentPresentation.swift in Sources */,
				0EB919B8DC0F8B261A198D50 /* ContentPreviewModel.swift in Sources */,
				A0A560FFC6CEB57DF471B578 /* ContentRevision.swift in Sources */,
				60803444EEA4ACDE05DD9900 /* ContentStateReceipt.swift in Sources */,
				E72A0BD7BB8E36855DA96247 /* ContentView.swift in Sources */,
				FEAC785F7C5914FA98BBB52B /* CrossPointClient.swift in Sources */,
				0368E20577EA2F31604B9D73 /* DeviceCore.swift in Sources */,
				B185D72799F4CDB6A052877E /* FirmwareGuidance.swift in Sources */,
				24CF827FFEDCC2922ECC5795 /* FirmwareImageValidator.swift in Sources */,
				E8F40BB940A4873A273547F8 /* HostRendererBridge.swift in Sources */,
				414190AE73C31EAC36A10175 /* HotspotJoiner.swift in Sources */,
				E094B0DDAD9A65C51E6D2562 /* LiveSyncClient.swift in Sources */,
				BB1B2115ACA29E87C9F1A51A /* LocalReaderDiscovery.swift in Sources */,
				374169613A2E5437B2A68A8E /* NearbySyncController.swift in Sources */,
				5FC465C4E6E19DEB66B54775 /* NearbySyncProtocol.swift in Sources */,
				546BFF999C233A64517E8145 /* PocketApp.swift in Sources */,
				4CF8D4056513B87B732EF3EF /* PocketDevicePreview.swift in Sources */,
				D49F1B7D6D53D2705383D9F6 /* PocketHardware.swift in Sources */,
				B2B491FBBAE92655BD2B6DA0 /* PocketModel.swift in Sources */,
				A0B124B096476FF24801D135 /* PreviewFontStore.swift in Sources */,
				7AE55A6545ECA400149410BD /* ReaderContentTransport.swift in Sources */,
				FB85F4494355597EBC9F77F4 /* ThemeDraftFile.swift in Sources */,
				EA3B92764472FAAD49379E58 /* ThemeDraftStore.swift in Sources */,
				3B70563BC2CA125A305A20F3 /* ThemeDraftUITestStore.swift in Sources */,
				719D681093345D163F816123 /* ThemeEditorModel.swift in Sources */,
				B6D4497CDDCA5038487735DE /* ThemePackInspector.swift in Sources */,
				8D4C4B162E3D49AD16DFD7A2 /* UiPackEncoder.swift in Sources */,
			);
			runOnlyForDeploymentPostprocessing = 0;
		};
		986484B821E148423704FF3E /* Sources */ = {
			isa = PBXSourcesBuildPhase;
			buildActionMask = 2147483647;
			files = (
				05131232F9D265BE1E4AAC5C /* ContentActivationJournal.swift in Sources */,
				4DA17B5656864277C148A061 /* ContentCard.swift in Sources */,
				92A64EA6EF3A5C85BEE23C02 /* ContentCardPreview.swift in Sources */,
				329FE3A9A5DA0A0D8C8FA2CE /* ContentDeployment.swift in Sources */,
				9D8C3DB52CCA40194D31DD88 /* ContentDraftFile.swift in Sources */,
				7ADA4110ACED2E32A5262A27 /* ContentDraftStore.swift in Sources */,
				CBCB938E63102C416D4A8C0D /* ContentEditorModel.swift in Sources */,
				F20A6106910D02035546F330 /* ContentEditorSheet.swift in Sources */,
				C9D4C5FDFE03F6414BB7266C /* ContentImage.swift in Sources */,
				CD3815679371A43E47962963 /* ContentImageImport.swift in Sources */,
				ACDA25B7B239D475E78C8905 /* ContentLiveApply.swift in Sources */,
				365A9A927566A2B5CD6FAA61 /* ContentManifest.swift in Sources */,
				6AA3BF4285EDB6D7C903B973 /* ContentPreparationReceipt.swift in Sources */,
				C9A078B230DA0C16B54E92BA /* ContentPresentation.swift in Sources */,
				E1D2B5D2BB5D7B75954534AD /* ContentPreviewModel.swift in Sources */,
				230CD450C1CF6929F8CC87D0 /* ContentRevision.swift in Sources */,
				677EADB49600A4441B0D9138 /* ContentStateReceipt.swift in Sources */,
				A6208CA1D1EDD27DDD132C2F /* ContentView.swift in Sources */,
				136F7173D3544851F4C78858 /* CrossPointClient.swift in Sources */,
				6A1BD5C811438399B452357D /* DeviceCore.swift in Sources */,
				2BCD25F75B0F3037FA119A46 /* FirmwareGuidance.swift in Sources */,
				84184BA21AEF770C970ED58A /* FirmwareImageValidator.swift in Sources */,
				643A2CE7F639882AE77EC2F8 /* HostRendererBridge.swift in Sources */,
				B24CAEF1B71AD9BD50DA9B1A /* HotspotJoiner.swift in Sources */,
				57D04674F495AE1D6321B9E8 /* LiveSyncClient.swift in Sources */,
				FD2AC3093EE1E6638E02BFAE /* LocalReaderDiscovery.swift in Sources */,
				86E634244B23C47205D8B382 /* NearbySyncController.swift in Sources */,
				50BC11B3111CB74258A626D7 /* NearbySyncProtocol.swift in Sources */,
				AFCC025CE7AAFFD337020926 /* PocketApp.swift in Sources */,
				155AFF494DFA0F44C318B8D1 /* PocketDevicePreview.swift in Sources */,
				70C1388C6930C40CA2BFE011 /* PocketHardware.swift in Sources */,
				AE0834455F19D805D51A9AD3 /* PocketModel.swift in Sources */,
				09DD2182BEFDE3ADE4D1BD7D /* PreviewFontStore.swift in Sources */,
				7D563CC8AD5E93038D3F37B9 /* ReaderContentTransport.swift in Sources */,
				A77480C42D709756B02DD592 /* ThemeDraftFile.swift in Sources */,
				504BBEF11EF6CDE43404E567 /* ThemeDraftStore.swift in Sources */,
				12DBEC7C61B30692C13BE93A /* ThemeDraftUITestStore.swift in Sources */,
				89D8E54D274F31B26C44362E /* ThemeEditorModel.swift in Sources */,
				D19CD0E8E22B98AA0AF8BDE0 /* ThemePackInspector.swift in Sources */,
				48D13A6F843A7E0089CD1BF6 /* UiPackEncoder.swift in Sources */,
			);
			runOnlyForDeploymentPostprocessing = 0;
		};
		AA01833132457332E6C5E9AF /* Sources */ = {
			isa = PBXSourcesBuildPhase;
			buildActionMask = 2147483647;
			files = (
				1B9BC14978B72E51ACAB9456 /* PocketMacScreenshotTests.swift in Sources */,
			);
			runOnlyForDeploymentPostprocessing = 0;
		};
		FAFAD50E13324217D2CB1486 /* Sources */ = {
			isa = PBXSourcesBuildPhase;
			buildActionMask = 2147483647;
			files = (
				A3C1DD8F0DC1C0E5968DE765 /* PocketFlowTests.swift in Sources */,
				99F8E48A3902BF0E3DE6D172 /* PocketScreenshotTests.swift in Sources */,
			);
			runOnlyForDeploymentPostprocessing = 0;
		};
/* End PBXSourcesBuildPhase section */

/* Begin PBXTargetDependency section */
		4565BC08B64760D8B7EC5CC4 /* PBXTargetDependency */ = {
			isa = PBXTargetDependency;
			target = F8A65D44EA5474162880886B /* PocketMac */;
			targetProxy = 549E53F00F6084725E50C45F /* PBXContainerItemProxy */;
		};
		AF57A010ACC33E1260BA525D /* PBXTargetDependency */ = {
			isa = PBXTargetDependency;
			target = 7D169845C7D92117E36B994A /* Pocket */;
			targetProxy = D26C81F7B7AB42194E65FE05 /* PBXContainerItemProxy */;
		};
		DCC0D1283286587A0D4040F0 /* PBXTargetDependency */ = {
			isa = PBXTargetDependency;
			target = 7D169845C7D92117E36B994A /* Pocket */;
			targetProxy = D3691472E2CEA4892BA0D8BE /* PBXContainerItemProxy */;
		};
/* End PBXTargetDependency section */

/* Begin XCBuildConfiguration section */
		23CB6F4BE0EC8EA772CE7EFC /* Debug */ = {
			isa = XCBuildConfiguration;
			buildSettings = {
				ASSETCATALOG_COMPILER_APPICON_NAME = AppIcon;
				CODE_SIGN_ENTITLEMENTS = Support/Pocket.entitlements;
				CODE_SIGN_IDENTITY = "iPhone Developer";
				FRAMEWORK_SEARCH_PATHS = (
					"$(inherited)",
					"\"Support/PocketUIHost\"",
				);
				INFOPLIST_FILE = "Support/Pocket-Info.plist";
				LD_RUNPATH_SEARCH_PATHS = (
					"$(inherited)",
					"@executable_path/Frameworks",
				);
				PRODUCT_BUNDLE_IDENTIFIER = bound.serendipity.pocket.daily;
				PRODUCT_NAME = Pocket;
				SDKROOT = iphoneos;
				TARGETED_DEVICE_FAMILY = "1,2";
			};
			name = Debug;
		};
		3FD8F8E8EA843561E62010A6 /* Release */ = {
			isa = XCBuildConfiguration;
			buildSettings = {
				BUNDLE_LOADER = "$(TEST_HOST)";
				COMBINE_HIDPI_IMAGES = YES;
				GENERATE_INFOPLIST_FILE = YES;
				LD_RUNPATH_SEARCH_PATHS = (
					"$(inherited)",
					"@executable_path/../Frameworks",
					"@loader_path/../Frameworks",
				);
				PRODUCT_BUNDLE_IDENTIFIER = bound.serendipity.pocket.daily.mactests;
				SDKROOT = macosx;
				TEST_HOST = "$(BUILT_PRODUCTS_DIR)/Pocket.app/Contents/MacOS/Pocket";
			};
			name = Release;
		};
		50E94BAF49D73856D9529485 /* Debug */ = {
			isa = XCBuildConfiguration;
			buildSettings = {
				BUNDLE_LOADER = "$(TEST_HOST)";
				GENERATE_INFOPLIST_FILE = YES;
				LD_RUNPATH_SEARCH_PATHS = (
					"$(inherited)",
					"@executable_path/Frameworks",
					"@loader_path/Frameworks",
				);
				PRODUCT_BUNDLE_IDENTIFIER = bound.serendipity.pocket.daily.uitests;
				SDKROOT = iphoneos;
				TARGETED_DEVICE_FAMILY = "1,2";
				TEST_TARGET_NAME = Pocket;
			};
			name = Debug;
		};
		59EB9AA6C2FD3D0D0C804C3B /* Release */ = {
			isa = XCBuildConfiguration;
			buildSettings = {
				ASSETCATALOG_COMPILER_APPICON_NAME = AppIcon;
				CODE_SIGN_ENTITLEMENTS = Support/Pocket.entitlements;
				CODE_SIGN_IDENTITY = "iPhone Developer";
				FRAMEWORK_SEARCH_PATHS = (
					"$(inherited)",
					"\"Support/PocketUIHost\"",
				);
				INFOPLIST_FILE = "Support/Pocket-Info.plist";
				LD_RUNPATH_SEARCH_PATHS = (
					"$(inherited)",
					"@executable_path/Frameworks",
				);
				PRODUCT_BUNDLE_IDENTIFIER = bound.serendipity.pocket.daily;
				PRODUCT_NAME = Pocket;
				SDKROOT = iphoneos;
				TARGETED_DEVICE_FAMILY = "1,2";
			};
			name = Release;
		};
		5A64EBFDE65C34D9672834A0 /* Release */ = {
			isa = XCBuildConfiguration;
			buildSettings = {
				ALWAYS_SEARCH_USER_PATHS = NO;
				CLANG_ANALYZER_NONNULL = YES;
				CLANG_ANALYZER_NUMBER_OBJECT_CONVERSION = YES_AGGRESSIVE;
				CLANG_CXX_LANGUAGE_STANDARD = "gnu++14";
				CLANG_CXX_LIBRARY = "libc++";
				CLANG_ENABLE_MODULES = YES;
				CLANG_ENABLE_OBJC_ARC = YES;
				CLANG_ENABLE_OBJC_WEAK = YES;
				CLANG_WARN_BLOCK_CAPTURE_AUTORELEASING = YES;
				CLANG_WARN_BOOL_CONVERSION = YES;
				CLANG_WARN_COMMA = YES;
				CLANG_WARN_CONSTANT_CONVERSION = YES;
				CLANG_WARN_DEPRECATED_OBJC_IMPLEMENTATIONS = YES;
				CLANG_WARN_DIRECT_OBJC_ISA_USAGE = YES_ERROR;
				CLANG_WARN_DOCUMENTATION_COMMENTS = YES;
				CLANG_WARN_EMPTY_BODY = YES;
				CLANG_WARN_ENUM_CONVERSION = YES;
				CLANG_WARN_INFINITE_RECURSION = YES;
				CLANG_WARN_INT_CONVERSION = YES;
				CLANG_WARN_NON_LITERAL_NULL_CONVERSION = YES;
				CLANG_WARN_OBJC_IMPLICIT_RETAIN_SELF = YES;
				CLANG_WARN_OBJC_LITERAL_CONVERSION = YES;
				CLANG_WARN_OBJC_ROOT_CLASS = YES_ERROR;
				CLANG_WARN_QUOTED_INCLUDE_IN_FRAMEWORK_HEADER = YES;
				CLANG_WARN_RANGE_LOOP_ANALYSIS = YES;
				CLANG_WARN_STRICT_PROTOTYPES = YES;
				CLANG_WARN_SUSPICIOUS_MOVE = YES;
				CLANG_WARN_UNGUARDED_AVAILABILITY = YES_AGGRESSIVE;
				CLANG_WARN_UNREACHABLE_CODE = YES;
				CLANG_WARN__DUPLICATE_METHOD_MATCH = YES;
				CODE_SIGN_STYLE = Automatic;
				COPY_PHASE_STRIP = NO;
				CURRENT_PROJECT_VERSION = 1;
				DEBUG_INFORMATION_FORMAT = "dwarf-with-dsym";
				DEVELOPMENT_TEAM = QF36NDHYHD;
				ENABLE_NS_ASSERTIONS = NO;
				ENABLE_STRICT_OBJC_MSGSEND = YES;
				ENABLE_USER_SCRIPT_SANDBOXING = YES;
				GCC_C_LANGUAGE_STANDARD = gnu11;
				GCC_NO_COMMON_BLOCKS = YES;
				GCC_WARN_64_TO_32_BIT_CONVERSION = YES;
				GCC_WARN_ABOUT_RETURN_TYPE = YES_ERROR;
				GCC_WARN_UNDECLARED_SELECTOR = YES;
				GCC_WARN_UNINITIALIZED_AUTOS = YES_AGGRESSIVE;
				GCC_WARN_UNUSED_FUNCTION = YES;
				GCC_WARN_UNUSED_VARIABLE = YES;
				GENERATE_INFOPLIST_FILE = NO;
				IPHONEOS_DEPLOYMENT_TARGET = 17.0;
				MACOSX_DEPLOYMENT_TARGET = 14.0;
				MARKETING_VERSION = 1.0.0;
				MTL_ENABLE_DEBUG_INFO = NO;
				MTL_FAST_MATH = YES;
				PRODUCT_NAME = "$(TARGET_NAME)";
				SWIFT_COMPILATION_MODE = wholemodule;
				SWIFT_OPTIMIZATION_LEVEL = "-O";
				SWIFT_VERSION = 5.0;
			};
			name = Release;
		};
		708896D4884D895FE848A6C8 /* Debug */ = {
			isa = XCBuildConfiguration;
			buildSettings = {
				ALWAYS_SEARCH_USER_PATHS = NO;
				CLANG_ANALYZER_NONNULL = YES;
				CLANG_ANALYZER_NUMBER_OBJECT_CONVERSION = YES_AGGRESSIVE;
				CLANG_CXX_LANGUAGE_STANDARD = "gnu++14";
				CLANG_CXX_LIBRARY = "libc++";
				CLANG_ENABLE_MODULES = YES;
				CLANG_ENABLE_OBJC_ARC = YES;
				CLANG_ENABLE_OBJC_WEAK = YES;
				CLANG_WARN_BLOCK_CAPTURE_AUTORELEASING = YES;
				CLANG_WARN_BOOL_CONVERSION = YES;
				CLANG_WARN_COMMA = YES;
				CLANG_WARN_CONSTANT_CONVERSION = YES;
				CLANG_WARN_DEPRECATED_OBJC_IMPLEMENTATIONS = YES;
				CLANG_WARN_DIRECT_OBJC_ISA_USAGE = YES_ERROR;
				CLANG_WARN_DOCUMENTATION_COMMENTS = YES;
				CLANG_WARN_EMPTY_BODY = YES;
				CLANG_WARN_ENUM_CONVERSION = YES;
				CLANG_WARN_INFINITE_RECURSION = YES;
				CLANG_WARN_INT_CONVERSION = YES;
				CLANG_WARN_NON_LITERAL_NULL_CONVERSION = YES;
				CLANG_WARN_OBJC_IMPLICIT_RETAIN_SELF = YES;
				CLANG_WARN_OBJC_LITERAL_CONVERSION = YES;
				CLANG_WARN_OBJC_ROOT_CLASS = YES_ERROR;
				CLANG_WARN_QUOTED_INCLUDE_IN_FRAMEWORK_HEADER = YES;
				CLANG_WARN_RANGE_LOOP_ANALYSIS = YES;
				CLANG_WARN_STRICT_PROTOTYPES = YES;
				CLANG_WARN_SUSPICIOUS_MOVE = YES;
				CLANG_WARN_UNGUARDED_AVAILABILITY = YES_AGGRESSIVE;
				CLANG_WARN_UNREACHABLE_CODE = YES;
				CLANG_WARN__DUPLICATE_METHOD_MATCH = YES;
				CODE_SIGN_STYLE = Automatic;
				COPY_PHASE_STRIP = NO;
				CURRENT_PROJECT_VERSION = 1;
				DEBUG_INFORMATION_FORMAT = dwarf;
				DEVELOPMENT_TEAM = QF36NDHYHD;
				ENABLE_STRICT_OBJC_MSGSEND = YES;
				ENABLE_TESTABILITY = YES;
				ENABLE_USER_SCRIPT_SANDBOXING = YES;
				GCC_C_LANGUAGE_STANDARD = gnu11;
				GCC_DYNAMIC_NO_PIC = NO;
				GCC_NO_COMMON_BLOCKS = YES;
				GCC_OPTIMIZATION_LEVEL = 0;
				GCC_PREPROCESSOR_DEFINITIONS = (
					"$(inherited)",
					"DEBUG=1",
				);
				GCC_WARN_64_TO_32_BIT_CONVERSION = YES;
				GCC_WARN_ABOUT_RETURN_TYPE = YES_ERROR;
				GCC_WARN_UNDECLARED_SELECTOR = YES;
				GCC_WARN_UNINITIALIZED_AUTOS = YES_AGGRESSIVE;
				GCC_WARN_UNUSED_FUNCTION = YES;
				GCC_WARN_UNUSED_VARIABLE = YES;
				GENERATE_INFOPLIST_FILE = NO;
				IPHONEOS_DEPLOYMENT_TARGET = 17.0;
				MACOSX_DEPLOYMENT_TARGET = 14.0;
				MARKETING_VERSION = 1.0.0;
				MTL_ENABLE_DEBUG_INFO = INCLUDE_SOURCE;
				MTL_FAST_MATH = YES;
				ONLY_ACTIVE_ARCH = YES;
				PRODUCT_NAME = "$(TARGET_NAME)";
				SWIFT_ACTIVE_COMPILATION_CONDITIONS = DEBUG;
				SWIFT_OPTIMIZATION_LEVEL = "-Onone";
				SWIFT_VERSION = 5.0;
			};
			name = Debug;
		};
		7DC8396D331491DCF674A947 /* Release */ = {
			isa = XCBuildConfiguration;
			buildSettings = {
				BUNDLE_LOADER = "$(TEST_HOST)";
				LD_RUNPATH_SEARCH_PATHS = (
					"$(inherited)",
					"@executable_path/Frameworks",
					"@loader_path/Frameworks",
				);
				PRODUCT_BUNDLE_IDENTIFIER = bound.serendipity.pocket.daily.tests;
				SDKROOT = iphoneos;
				TARGETED_DEVICE_FAMILY = "1,2";
				TEST_HOST = "$(BUILT_PRODUCTS_DIR)/Pocket.app/Pocket";
			};
			name = Release;
		};
		BD05E442360467478A4ED7FB /* Release */ = {
			isa = XCBuildConfiguration;
			buildSettings = {
				BUNDLE_LOADER = "$(TEST_HOST)";
				GENERATE_INFOPLIST_FILE = YES;
				LD_RUNPATH_SEARCH_PATHS = (
					"$(inherited)",
					"@executable_path/Frameworks",
					"@loader_path/Frameworks",
				);
				PRODUCT_BUNDLE_IDENTIFIER = bound.serendipity.pocket.daily.uitests;
				SDKROOT = iphoneos;
				TARGETED_DEVICE_FAMILY = "1,2";
				TEST_TARGET_NAME = Pocket;
			};
			name = Release;
		};
		CD05B467D03306F28E3035AC /* Release */ = {
			isa = XCBuildConfiguration;
			buildSettings = {
				ASSETCATALOG_COMPILER_APPICON_NAME = AppIcon;
				CODE_SIGN_ENTITLEMENTS = Support/PocketMac.entitlements;
				COMBINE_HIDPI_IMAGES = YES;
				FRAMEWORK_SEARCH_PATHS = (
					"$(inherited)",
					"\"Support/PocketUIHost\"",
				);
				INFOPLIST_FILE = "Support/PocketMac-Info.plist";
				LD_RUNPATH_SEARCH_PATHS = (
					"$(inherited)",
					"@executable_path/../Frameworks",
				);
				PRODUCT_BUNDLE_IDENTIFIER = bound.serendipity.pocket.daily;
				PRODUCT_NAME = Pocket;
				SDKROOT = macosx;
			};
			name = Release;
		};
		D9EE1A9A243CE574AD05A0A4 /* Debug */ = {
			isa = XCBuildConfiguration;
			buildSettings = {
				ASSETCATALOG_COMPILER_APPICON_NAME = AppIcon;
				CODE_SIGN_ENTITLEMENTS = Support/PocketMac.entitlements;
				COMBINE_HIDPI_IMAGES = YES;
				FRAMEWORK_SEARCH_PATHS = (
					"$(inherited)",
					"\"Support/PocketUIHost\"",
				);
				INFOPLIST_FILE = "Support/PocketMac-Info.plist";
				LD_RUNPATH_SEARCH_PATHS = (
					"$(inherited)",
					"@executable_path/../Frameworks",
				);
				PRODUCT_BUNDLE_IDENTIFIER = bound.serendipity.pocket.daily;
				PRODUCT_NAME = Pocket;
				SDKROOT = macosx;
			};
			name = Debug;
		};
		F5FCC161F4D29B2FCD9EE115 /* Debug */ = {
			isa = XCBuildConfiguration;
			buildSettings = {
				BUNDLE_LOADER = "$(TEST_HOST)";
				COMBINE_HIDPI_IMAGES = YES;
				GENERATE_INFOPLIST_FILE = YES;
				LD_RUNPATH_SEARCH_PATHS = (
					"$(inherited)",
					"@executable_path/../Frameworks",
					"@loader_path/../Frameworks",
				);
				PRODUCT_BUNDLE_IDENTIFIER = bound.serendipity.pocket.daily.mactests;
				SDKROOT = macosx;
				TEST_HOST = "$(BUILT_PRODUCTS_DIR)/Pocket.app/Contents/MacOS/Pocket";
			};
			name = Debug;
		};
		FDFA3617CC9D4A6D2D0F416E /* Debug */ = {
			isa = XCBuildConfiguration;
			buildSettings = {
				BUNDLE_LOADER = "$(TEST_HOST)";
				LD_RUNPATH_SEARCH_PATHS = (
					"$(inherited)",
					"@executable_path/Frameworks",
					"@loader_path/Frameworks",
				);
				PRODUCT_BUNDLE_IDENTIFIER = bound.serendipity.pocket.daily.tests;
				SDKROOT = iphoneos;
				TARGETED_DEVICE_FAMILY = "1,2";
				TEST_HOST = "$(BUILT_PRODUCTS_DIR)/Pocket.app/Pocket";
			};
			name = Debug;
		};
/* End XCBuildConfiguration section */

/* Begin XCConfigurationList section */
		126259CC20BCCAB64E384DC0 /* Build configuration list for PBXNativeTarget "PocketTests" */ = {
			isa = XCConfigurationList;
			buildConfigurations = (
				FDFA3617CC9D4A6D2D0F416E /* Debug */,
				7DC8396D331491DCF674A947 /* Release */,
			);
			defaultConfigurationIsVisible = 0;
			defaultConfigurationName = Debug;
		};
		142396DC132E69A10313993C /* Build configuration list for PBXNativeTarget "PocketMac" */ = {
			isa = XCConfigurationList;
			buildConfigurations = (
				D9EE1A9A243CE574AD05A0A4 /* Debug */,
				CD05B467D03306F28E3035AC /* Release */,
			);
			defaultConfigurationIsVisible = 0;
			defaultConfigurationName = Debug;
		};
		1635BECD4C7098F77B6F346F /* Build configuration list for PBXNativeTarget "Pocket" */ = {
			isa = XCConfigurationList;
			buildConfigurations = (
				23CB6F4BE0EC8EA772CE7EFC /* Debug */,
				59EB9AA6C2FD3D0D0C804C3B /* Release */,
			);
			defaultConfigurationIsVisible = 0;
			defaultConfigurationName = Debug;
		};
		BBF6F3C78A2CCDE05E8C6E37 /* Build configuration list for PBXProject "Pocket" */ = {
			isa = XCConfigurationList;
			buildConfigurations = (
				708896D4884D895FE848A6C8 /* Debug */,
				5A64EBFDE65C34D9672834A0 /* Release */,
			);
			defaultConfigurationIsVisible = 0;
			defaultConfigurationName = Debug;
		};
		D126483B24595A752F0CCC9F /* Build configuration list for PBXNativeTarget "PocketUITests" */ = {
			isa = XCConfigurationList;
			buildConfigurations = (
				50E94BAF49D73856D9529485 /* Debug */,
				BD05E442360467478A4ED7FB /* Release */,
			);
			defaultConfigurationIsVisible = 0;
			defaultConfigurationName = Debug;
		};
		F0CEDAA71797312195FCD318 /* Build configuration list for PBXNativeTarget "PocketMacTests" */ = {
			isa = XCConfigurationList;
			buildConfigurations = (
				F5FCC161F4D29B2FCD9EE115 /* Debug */,
				3FD8F8E8EA843561E62010A6 /* Release */,
			);
			defaultConfigurationIsVisible = 0;
			defaultConfigurationName = Debug;
		};
/* End XCConfigurationList section */
	};
	rootObject = 855A469ACAEBB91B0C801EFD /* Project object */;
}
